
Microsoft Visual Studio Solution File, Format Version 12.00
Project("{FAE04EC0-301F-11D3-BF4B-00C04F79EFBC}") = "Chatbot", "Chatbot\Chatbot.csproj", "{74D4B4EF-E64A-4681-982D-5E912021D182}"
EndProject
Global
	GlobalSection(SolutionConfigurationPlatforms) = preSolution
		Debug|Any CPU = Debug|Any CPU
		Release|Any CPU = Release|Any CPU
	EndGlobalSection
	GlobalSection(ProjectConfigurationPlatforms) = postSolution
		{74D4B4EF-E64A-4681-982D-5E912021D182}.Debug|Any CPU.ActiveCfg = Debug|Any CPU
		{74D4B4EF-E64A-4681-982D-5E912021D182}.Debug|Any CPU.Build.0 = Debug|Any CPU
		{74D4B4EF-E64A-4681-982D-5E912021D182}.Release|Any CPU.ActiveCfg = Release|Any CPU
		{74D4B4EF-E64A-4681-982D-5E912021D182}.Release|Any CPU.Build.0 = Release|Any CPU
	EndGlobalSection
EndGlobal
